
Microsoft Visual Studio Solution File, Format Version 12.00
# Visual Studio Version 16
VisualStudioVersion = 16.0.28803.156
MinimumVisualStudioVersion = 10.0.40219.1
Project("{FAE04EC0-301F-11D3-BF4B-00C04F79EFBC}") = "JN.RabbitMQClient", "JN.RabbitMQClient\JN.RabbitMQClient.csproj", "{C3A312BB-B78D-4F19-A70D-F28146016B54}"
EndProject
Project("{FAE04EC0-301F-11D3-BF4B-00C04F79EFBC}") = "JN.RabbitMQClient.TestApp", "JN.RabbitMQClient.TestApp\JN.RabbitMQClient.TestApp.csproj", "{4D09EAF2-E6B5-4202-8115-3A743669AEAC}"
EndProject
Project("{FAE04EC0-301F-11D3-BF4B-00C04F79EFBC}") = "JN.RabbitMQClient.Tests", "JN.RabbitMQClient.Tests\JN.RabbitMQClient.Tests.csproj", "{34719C58-E300-4518-86BD-84F4981162D7}"
EndProject
Global
	GlobalSection(SolutionConfigurationPlatforms) = preSolution
		Debug|Any CPU = Debug|Any CPU
		Release|Any CPU = Release|Any CPU
	EndGlobalSection
	GlobalSection(ProjectConfigurationPlatforms) = postSolution
		{C3A312BB-B78D-4F19-A70D-F28146016B54}.Debug|Any CPU.ActiveCfg = Debug|Any CPU
		{C3A312BB-B78D-4F19-A70D-F28146016B54}.Debug|Any CPU.Build.0 = Debug|Any CPU
		{C3A312BB-B78D-4F19-A70D-F28146016B54}.Release|Any CPU.ActiveCfg = Release|Any CPU
		{C3A312BB-B78D-4F19-A70D-F28146016B54}.Release|Any CPU.Build.0 = Release|Any CPU
		{4D09EAF2-E6B5-4202-8115-3A743669AEAC}.Debug|Any CPU.ActiveCfg = Debug|Any CPU
		{4D09EAF2-E6B5-4202-8115-3A743669AEAC}.Debug|Any CPU.Build.0 = Debug|Any CPU
		{4D09EAF2-E6B5-4202-8115-3A743669AEAC}.Release|Any CPU.ActiveCfg = Release|Any CPU
		{4D09EAF2-E6B5-4202-8115-3A743669AEAC}.Release|Any CPU.Build.0 = Release|Any CPU
		{34719C58-E300-4518-86BD-84F4981162D7}.Debug|Any CPU.ActiveCfg = Debug|Any CPU
		{34719C58-E300-4518-86BD-84F4981162D7}.Debug|Any CPU.Build.0 = Debug|Any CPU
		{34719C58-E300-4518-86BD-84F4981162D7}.Release|Any CPU.ActiveCfg = Release|Any CPU
		{34719C58-E300-4518-86BD-84F4981162D7}.Release|Any CPU.Build.0 = Release|Any CPU
	EndGlobalSection
	GlobalSection(SolutionProperties) = preSolution
		HideSolutionNode = FALSE
	EndGlobalSection
	GlobalSection(ExtensibilityGlobals) = postSolution
		SolutionGuid = {BFF56F96-1842-4DF7-A646-83134ECB6EB1}
	EndGlobalSection
EndGlobal
